// !$*UTF8*$!
{
	archiveVersion = 1;
	classes = {
	};
	objectVersion = 51;
	objects = {

/* Begin PBXBuildFile section */
		1A49266868F87198237DA8F6 /* LaunchScreen.storyboard in Resources */ = {isa = PBXBuildFile; fileRef = CCBC7570FC5C2D5C61E0BD45 /* LaunchScreen.storyboard */; };
		71A0FCAF130914976FD25476 /* Brachio_ColombiaUITests.swift in Sources */ = {isa = PBXBuildFile; fileRef = A56164A0EFA0B96CBDFAB629 /* Brachio_ColombiaUITests.swift */; };
		98EA19FEFFCAC1DCF6459807 /* Main.storyboard in Resources */ = {isa = PBXBuildFile; fileRef = BB9DA443F25069C5D7736939 /* Main.storyboard */; };
		ABBE325344427B386991486C /* Brachio_ColombiaTests.swift in Sources */ = {isa = PBXBuildFile; fileRef = 05BD4DD2EF4974930CF26087 /* Brachio_ColombiaTests.swift */; };
		AF1B3D1657AD9F9E9365FCA2 /* SceneDelegate.swift in Sources */ = {isa = PBXBuildFile; fileRef = 82D0490CE1F0D24B385335C2 /* SceneDelegate.swift */; };
		B1D5889EDC752467860782FA /* ViewController.swift in Sources */ = {isa = PBXBuildFile; fileRef = 3B29E154BAB8D7618D67408F /* ViewController.swift */; };
		BF7AE52783D773B3232D1E17 /* Pods_Brachio_Colombia_Brachio_ColombiaUITests.framework in Frameworks */ = {isa = PBXBuildFile; fileRef = DFE1208ED4CF1FEAA80657D5 /* Pods_Brachio_Colombia_Brachio_ColombiaUITests.framework */; };
		C426716D38A1B1470A31701E /* Pods_Brachio_ColombiaTests.framework in Frameworks */ = {isa = PBXBuildFile; fileRef = 239A908E2543EF4F16048D3F /* Pods_Brachio_ColombiaTests.framework */; };
		D1970D9B3493524CA055DC39 /* Assets.xcassets in Resources */ = {isa = PBXBuildFile; fileRef = F2A890950D010866B8D5C9F0 /* Assets.xcassets */; };
		E4194E405BFCB3821D0B897E /* Pods_Brachio_Colombia.framework in Frameworks */ = {isa = PBXBuildFile; fileRef = BA4CB92D05F106CC8E878564 /* Pods_Brachio_Colombia.framework */; };
		F118A732EF200D2B6156F545 /* AppDelegate.swift in Sources */ = {isa = PBXBuildFile; fileRef = F0DF99E65D84A83854FD557D /* AppDelegate.swift */; };
/* End PBXBuildFile section */

/* Begin PBXContainerItemProxy section */
		D4F60901FDF5FC356BAF23A8 /* PBXContainerItemProxy */ = {
			isa = PBXContainerItemProxy;
			containerPortal = E4A0D8851AD99E6C57E875A0 /* Project object */;
			proxyType = 1;
			remoteGlobalIDString = 245B240C1493CBB40AB627CD;
			remoteInfo = Brachio_Colombia;
		};
		EC0432A790F590A029FE0EA5 /* PBXContainerItemProxy */ = {
			isa = PBXContainerItemProxy;
			containerPortal = E4A0D8851AD99E6C57E875A0 /* Project object */;
			proxyType = 1;
			remoteGlobalIDString = 245B240C1493CBB40AB627CD;
			remoteInfo = Brachio_Colombia;
		};
/* End PBXContainerItemProxy section */

/* Begin PBXFileReference section */
		02FC0744613A3CBB666CE913 /* Pods-Brachio_ColombiaTests.release.xcconfig */ = {isa = PBXFileReference; includeInIndex = 1; lastKnownFileType = text.xcconfig; name = "Pods-Brachio_ColombiaTests.release.xcconfig"; path = "Target Support Files/Pods-Brachio_ColombiaTests/Pods-Brachio_ColombiaTests.release.xcconfig"; sourceTree = "<group>"; };
		030D195DB3C760865D87B434 /* Pods-Brachio_ColombiaTests.debug.xcconfig */ = {isa = PBXFileReference; includeInIndex = 1; lastKnownFileType = text.xcconfig; name = "Pods-Brachio_ColombiaTests.debug.xcconfig"; path = "Target Support Files/Pods-Brachio_ColombiaTests/Pods-Brachio_ColombiaTests.debug.xcconfig"; sourceTree = "<group>"; };
		05BD4DD2EF4974930CF26087 /* Brachio_ColombiaTests.swift */ = {isa = PBXFileReference; lastKnownFileType = sourcecode.swift; path = Brachio_ColombiaTests.swift; sourceTree = "<group>"; };
		0F8DF118241697A8CB2E0DFC /* Brachio_Colombia.app */ = {isa = PBXFileReference; includeInIndex = 0; lastKnownFileType = wrapper.application; path = Brachio_Colombia.app; sourceTree = BUILT_PRODUCTS_DIR; };
		108370295474B9D959863EDB /* Info.plist */ = {isa = PBXFileReference; lastKnownFileType = text.plist; path = Info.plist; sourceTree = "<group>"; };
		239A908E2543EF4F16048D3F /* Pods_Brachio_ColombiaTests.framework */ = {isa = PBXFileReference; explicitFileType = wrapper.framework; includeInIndex = 0; path = Pods_Brachio_ColombiaTests.framework; sourceTree = BUILT_PRODUCTS_DIR; };
		31B38FC42304DCF6B064534B /* Pods-Brachio_Colombia-Brachio_ColombiaUITests.debug.xcconfig */ = {isa = PBXFileReference; includeInIndex = 1; lastKnownFileType = text.xcconfig; name = "Pods-Brachio_Colombia-Brachio_ColombiaUITests.debug.xcconfig"; path = "Target Support Files/Pods-Brachio_Colombia-Brachio_ColombiaUITests/Pods-Brachio_Colombia-Brachio_ColombiaUITests.debug.xcconfig"; sourceTree = "<group>"; };
		3B29E154BAB8D7618D67408F /* ViewController.swift */ = {isa = PBXFileReference; lastKnownFileType = sourcecode.swift; path = ViewController.swift; sourceTree = "<group>"; };
		5CB00DC2FBDE5C914CF07A42 /* Pods-Brachio_Colombia.debug.xcconfig */ = {isa = PBXFileReference; includeInIndex = 1; lastKnownFileType = text.xcconfig; name = "Pods-Brachio_Colombia.debug.xcconfig"; path = "Target Support Files/Pods-Brachio_Colombia/Pods-Brachio_Colombia.debug.xcconfig"; sourceTree = "<group>"; };
		64C9570B9FE3CDF259CB8F30 /* Brachio_ColombiaUITests.xctest */ = {isa = PBXFileReference; includeInIndex = 0; lastKnownFileType = wrapper.cfbundle; path = Brachio_ColombiaUITests.xctest; sourceTree = BUILT_PRODUCTS_DIR; };
		66CF9483B765E5EE8D5772B5 /* Brachio_ColombiaTests.xctest */ = {isa = PBXFileReference; includeInIndex = 0; lastKnownFileType = wrapper.cfbundle; path = Brachio_ColombiaTests.xctest; sourceTree = BUILT_PRODUCTS_DIR; };
		7581C33F5D056281A02E1DB1 /* Pods-Brachio_Colombia-Brachio_ColombiaUITests.release.xcconfig */ = {isa = PBXFileReference; includeInIndex = 1; lastKnownFileType = text.xcconfig; name = "Pods-Brachio_Colombia-Brachio_ColombiaUITests.release.xcconfig"; path = "Target Support Files/Pods-Brachio_Colombia-Brachio_ColombiaUITests/Pods-Brachio_Colombia-Brachio_ColombiaUITests.release.xcconfig"; sourceTree = "<group>"; };
		7AC331D2E0975D1CD8219EE9 /* Base */ = {isa = PBXFileReference; lastKnownFileType = file.storyboard; name = Base; path = Base.lproj/Main.storyboard; sourceTree = "<group>"; };
		82D0490CE1F0D24B385335C2 /* SceneDelegate.swift */ = {isa = PBXFileReference; lastKnownFileType = sourcecode.swift; path = SceneDelegate.swift; sourceTree = "<group>"; };
		954BFC4718B805D2E8A7D055 /* Base */ = {isa = PBXFileReference; lastKnownFileType = file.storyboard; name = Base; path = Base.lproj/LaunchScreen.storyboard; sourceTree = "<group>"; };
		A56164A0EFA0B96CBDFAB629 /* Brachio_ColombiaUITests.swift */ = {isa = PBXFileReference; lastKnownFileType = sourcecode.swift; path = Brachio_ColombiaUITests.swift; sourceTree = "<group>"; };
		B95D46B720A3BEBF99FEB9AD /* Info.plist */ = {isa = PBXFileReference; lastKnownFileType = text.plist; path = Info.plist; sourceTree = "<group>"; };
		BA4CB92D05F106CC8E878564 /* Pods_Brachio_Colombia.framework */ = {isa = PBXFileReference; explicitFileType = wrapper.framework; includeInIndex = 0; path = Pods_Brachio_Colombia.framework; sourceTree = BUILT_PRODUCTS_DIR; };
		BFC752A18F348A44C58429DF /* Info.plist */ = {isa = PBXFileReference; lastKnownFileType = text.plist; path = Info.plist; sourceTree = "<group>"; };
		DFE1208ED4CF1FEAA80657D5 /* Pods_Brachio_Colombia_Brachio_ColombiaUITests.framework */ = {isa = PBXFileReference; explicitFileType = wrapper.framework; includeInIndex = 0; path = Pods_Brachio_Colombia_Brachio_ColombiaUITests.framework; sourceTree = BUILT_PRODUCTS_DIR; };
		E906865D2385BC61BBA1A8D4 /* Pods-Brachio_Colombia.release.xcconfig */ = {isa = PBXFileReference; includeInIndex = 1; lastKnownFileType = text.xcconfig; name = "Pods-Brachio_Colombia.release.xcconfig"; path = "Target Support Files/Pods-Brachio_Colombia/Pods-Brachio_Colombia.release.xcconfig"; sourceTree = "<group>"; };
		F0DF99E65D84A83854FD557D /* AppDelegate.swift */ = {isa = PBXFileReference; lastKnownFileType = sourcecode.swift; path = AppDelegate.swift; sourceTree = "<group>"; };
		F2A890950D010866B8D5C9F0 /* Assets.xcassets */ = {isa = PBXFileReference; lastKnownFileType = folder.assetcatalog; path = Assets.xcassets; sourceTree = "<group>"; };
/* End PBXFileReference section */

/* Begin PBXFrameworksBuildPhase section */
		65599992D75897D67BD893B3 /* Frameworks */ = {
			isa = PBXFrameworksBuildPhase;
			buildActionMask = 2147483647;
			files = (
				E4194E405BFCB3821D0B897E /* Pods_Brachio_Colombia.framework in Frameworks */,
			);
			runOnlyForDeploymentPostprocessing = 0;
		};
		DEC29377C52C4606720EFBFE /* Frameworks */ = {
			isa = PBXFrameworksBuildPhase;
			buildActionMask = 2147483647;
			files = (
				C426716D38A1B1470A31701E /* Pods_Brachio_ColombiaTests.framework in Frameworks */,
			);
			runOnlyForDeploymentPostprocessing = 0;
		};
		E3D1AABF021A41F0A2F63D7F /* Frameworks */ = {
			isa = PBXFrameworksBuildPhase;
			buildActionMask = 2147483647;
			files = (
				BF7AE52783D773B3232D1E17 /* Pods_Brachio_Colombia_Brachio_ColombiaUITests.framework in Frameworks */,
			);
			runOnlyForDeploymentPostprocessing = 0;
		};
/* End PBXFrameworksBuildPhase section */

/* Begin PBXGroup section */
		062A245D87A7778881CCCA98 /* Brachio_ColombiaUITests */ = {
			isa = PBXGroup;
			children = (
				A56164A0EFA0B96CBDFAB629 /* Brachio_ColombiaUITests.swift */,
				BFC752A18F348A44C58429DF /* Info.plist */,
			);
			path = Brachio_ColombiaUITests;
			sourceTree = "<group>";
		};
		27A25FEE4A9CBC16C1A1C10A /* Brachio_Colombia */ = {
			isa = PBXGroup;
			children = (
				F0DF99E65D84A83854FD557D /* AppDelegate.swift */,
				F2A890950D010866B8D5C9F0 /* Assets.xcassets */,
				B95D46B720A3BEBF99FEB9AD /* Info.plist */,
				CCBC7570FC5C2D5C61E0BD45 /* LaunchScreen.storyboard */,
				BB9DA443F25069C5D7736939 /* Main.storyboard */,
				82D0490CE1F0D24B385335C2 /* SceneDelegate.swift */,
				3B29E154BAB8D7618D67408F /* ViewController.swift */,
			);
			path = Brachio_Colombia;
			sourceTree = "<group>";
		};
		4C6C9EB600F5FD5CA85EC8AE /* Frameworks */ = {
			isa = PBXGroup;
			children = (
				BA4CB92D05F106CC8E878564 /* Pods_Brachio_Colombia.framework */,
				DFE1208ED4CF1FEAA80657D5 /* Pods_Brachio_Colombia_Brachio_ColombiaUITests.framework */,
				239A908E2543EF4F16048D3F /* Pods_Brachio_ColombiaTests.framework */,
			);
			name = Frameworks;
			sourceTree = "<group>";
		};
		86D5C58A5531563FAF04A179 = {
			isa = PBXGroup;
			children = (
				27A25FEE4A9CBC16C1A1C10A /* Brachio_Colombia */,
				B7B3A66DFE33E66ECDF4DA2B /* Brachio_ColombiaTests */,
				062A245D87A7778881CCCA98 /* Brachio_ColombiaUITests */,
				AD36907E6B191AFDC07A75F6 /* Products */,
				F8E5AA956769000A66C0ECDA /* Pods */,
				4C6C9EB600F5FD5CA85EC8AE /* Frameworks */,
			);
			sourceTree = "<group>";
		};
		AD36907E6B191AFDC07A75F6 /* Products */ = {
			isa = PBXGroup;
			children = (
				0F8DF118241697A8CB2E0DFC /* Brachio_Colombia.app */,
				66CF9483B765E5EE8D5772B5 /* Brachio_ColombiaTests.xctest */,
				64C9570B9FE3CDF259CB8F30 /* Brachio_ColombiaUITests.xctest */,
			);
			name = Products;
			sourceTree = "<group>";
		};
		B7B3A66DFE33E66ECDF4DA2B /* Brachio_ColombiaTests */ = {
			isa = PBXGroup;
			children = (
				05BD4DD2EF4974930CF26087 /* Brachio_ColombiaTests.swift */,
				108370295474B9D959863EDB /* Info.plist */,
			);
			path = Brachio_ColombiaTests;
			sourceTree = "<group>";
		};
		F8E5AA956769000A66C0ECDA /* Pods */ = {
			isa = PBXGroup;
			children = (
				5CB00DC2FBDE5C914CF07A42 /* Pods-Brachio_Colombia.debug.xcconfig */,
				E906865D2385BC61BBA1A8D4 /* Pods-Brachio_Colombia.release.xcconfig */,
				31B38FC42304DCF6B064534B /* Pods-Brachio_Colombia-Brachio_ColombiaUITests.debug.xcconfig */,
				7581C33F5D056281A02E1DB1 /* Pods-Brachio_Colombia-Brachio_ColombiaUITests.release.xcconfig */,
				030D195DB3C760865D87B434 /* Pods-Brachio_ColombiaTests.debug.xcconfig */,
				02FC0744613A3CBB666CE913 /* Pods-Brachio_ColombiaTests.release.xcconfig */,
			);
			name = Pods;
			path = Pods;
			sourceTree = "<group>";
		};
/* End PBXGroup section */

/* Begin PBXNativeTarget section */
		245B240C1493CBB40AB627CD /* Brachio_Colombia */ = {
			isa = PBXNativeTarget;
			buildConfigurationList = B0DE3ECFB7BAC928E1E77FAD /* Build configuration list for PBXNativeTarget "Brachio_Colombia" */;
			buildPhases = (
				BEB4BCD1465DB4A614F5BCF9 /* [CP] Check Pods Manifest.lock */,
				4FF09D6B69CA769E45B310A9 /* Sources */,
				6CCEE12523411D1F4DBB51C2 /* Resources */,
				65599992D75897D67BD893B3 /* Frameworks */,
				46F087AA0004DCF676F280CE /* [CP] Embed Pods Frameworks */,
			);
			buildRules = (
			);
			dependencies = (
			);
			name = Brachio_Colombia;
			productName = Brachio_Colombia;
			productReference = 0F8DF118241697A8CB2E0DFC /* Brachio_Colombia.app */;
			productType = "com.apple.product-type.application";
		};
		354963B1E66BC6A1661C5665 /* Brachio_ColombiaUITests */ = {
			isa = PBXNativeTarget;
			buildConfigurationList = E3B90904D1CE12DDB2E44799 /* Build configuration list for PBXNativeTarget "Brachio_ColombiaUITests" */;
			buildPhases = (
				991F756744A5825120EC1C9B /* [CP] Check Pods Manifest.lock */,
				5BA4A67D66D438E9038EF20D /* Sources */,
				E3D1AABF021A41F0A2F63D7F /* Frameworks */,
				E841EB60B5D68BE49B706FF9 /* [CP] Embed Pods Frameworks */,
			);
			buildRules = (
			);
			dependencies = (
				089A32621CBFE438AFEB5884 /* PBXTargetDependency */,
			);
			name = Brachio_ColombiaUITests;
			productName = Brachio_ColombiaUITests;
			productReference = 64C9570B9FE3CDF259CB8F30 /* Brachio_ColombiaUITests.xctest */;
			productType = "com.apple.product-type.bundle.ui-testing";
		};
		F79479CF7B61985B49CA5FB9 /* Brachio_ColombiaTests */ = {
			isa = PBXNativeTarget;
			buildConfigurationList = F25BD8DACE28FA7669902E6C /* Build configuration list for PBXNativeTarget "Brachio_ColombiaTests" */;
			buildPhases = (
				451356174AB2BE4629A7530E /* [CP] Check Pods Manifest.lock */,
				34D9DC8AF811891D292E7E58 /* Sources */,
				DEC29377C52C4606720EFBFE /* Frameworks */,
			);
			buildRules = (
			);
			dependencies = (
				B37223CB8D802D3102AD0E47 /* PBXTargetDependency */,
			);
			name = Brachio_ColombiaTests;
			productName = Brachio_ColombiaTests;
			productReference = 66CF9483B765E5EE8D5772B5 /* Brachio_ColombiaTests.xctest */;
			productType = "com.apple.product-type.bundle.unit-test";
		};
/* End PBXNativeTarget section */

/* Begin PBXProject section */
		E4A0D8851AD99E6C57E875A0 /* Project object */ = {
			isa = PBXProject;
			attributes = {
				LastUpgradeCheck = 1200;
				TargetAttributes = {
					354963B1E66BC6A1661C5665 = {
						TestTargetID = 245B240C1493CBB40AB627CD;
					};
				};
			};
			buildConfigurationList = 30533977BF543A2802607981 /* Build configuration list for PBXProject "Brachio_Colombia" */;
			compatibilityVersion = "Xcode 10.0";
			developmentRegion = en;
			hasScannedForEncodings = 0;
			knownRegions = (
				Base,
				en,
			);
			mainGroup = 86D5C58A5531563FAF04A179;
			productRefGroup = AD36907E6B191AFDC07A75F6 /* Products */;
			projectDirPath = "";
			projectRoot = "";
			targets = (
				245B240C1493CBB40AB627CD /* Brachio_Colombia */,
				F79479CF7B61985B49CA5FB9 /* Brachio_ColombiaTests */,
				354963B1E66BC6A1661C5665 /* Brachio_ColombiaUITests */,
			);
		};
/* End PBXProject section */

/* Begin PBXResourcesBuildPhase section */
		6CCEE12523411D1F4DBB51C2 /* Resources */ = {
			isa = PBXResourcesBuildPhase;
			buildActionMask = 2147483647;
			files = (
				D1970D9B3493524CA055DC39 /* Assets.xcassets in Resources */,
				1A49266868F87198237DA8F6 /* LaunchScreen.storyboard in Resources */,
				98EA19FEFFCAC1DCF6459807 /* Main.storyboard in Resources */,
			);
			runOnlyForDeploymentPostprocessing = 0;
		};
/* End PBXResourcesBuildPhase section */

/* Begin PBXShellScriptBuildPhase section */
		451356174AB2BE4629A7530E /* [CP] Check Pods Manifest.lock */ = {
			isa = PBXShellScriptBuildPhase;
			buildActionMask = 2147483647;
			files = (
			);
			inputFileListPaths = (
			);
			inputPaths = (
				"${PODS_PODFILE_DIR_PATH}/Podfile.lock",
				"${PODS_ROOT}/Manifest.lock",
			);
			name = "[CP] Check Pods Manifest.lock";
			outputFileListPaths = (
			);
			outputPaths = (
				"$(DERIVED_FILE_DIR)/Pods-Brachio_ColombiaTests-checkManifestLockResult.txt",
			);
			runOnlyForDeploymentPostprocessing = 0;
			shellPath = /bin/sh;
			shellScript = "diff \"${PODS_PODFILE_DIR_PATH}/Podfile.lock\" \"${PODS_ROOT}/Manifest.lock\" > /dev/null\nif [ $? != 0 ] ; then\n    # print error to STDERR\n    echo \"error: The sandbox is not in sync with the Podfile.lock. Run 'pod install' or update your CocoaPods installation.\" >&2\n    exit 1\nfi\n# This output is used by Xcode 'outputs' to avoid re-running this script phase.\necho \"SUCCESS\" > \"${SCRIPT_OUTPUT_FILE_0}\"\n";
			showEnvVarsInLog = 0;
		};
		46F087AA0004DCF676F280CE /* [CP] Embed Pods Frameworks */ = {
			isa = PBXShellScriptBuildPhase;
			buildActionMask = 2147483647;
			files = (
			);
			inputFileListPaths = (
				"${PODS_ROOT}/Target Support Files/Pods-Brachio_Colombia/Pods-Brachio_Colombia-frameworks-${CONFIGURATION}-input-files.xcfilelist",
			);
			name = "[CP] Embed Pods Frameworks";
			outputFileListPaths = (
				"${PODS_ROOT}/Target Support Files/Pods-Brachio_Colombia/Pods-Brachio_Colombia-frameworks-${CONFIGURATION}-output-files.xcfilelist",
			);
			runOnlyForDeploymentPostprocessing = 0;
			shellPath = /bin/sh;
			shellScript = "\"${PODS_ROOT}/Target Support Files/Pods-Brachio_Colombia/Pods-Brachio_Colombia-frameworks.sh\"\n";
			showEnvVarsInLog = 0;
		};
		991F756744A5825120EC1C9B /* [CP] Check Pods Manifest.lock */ = {
			isa = PBXShellScriptBuildPhase;
			buildActionMask = 2147483647;
			files = (
			);
			inputFileListPaths = (
			);
			inputPaths = (
				"${PODS_PODFILE_DIR_PATH}/Podfile.lock",
				"${PODS_ROOT}/Manifest.lock",
			);
			name = "[CP] Check Pods Manifest.lock";
			outputFileListPaths = (
			);
			outputPaths = (
				"$(DERIVED_FILE_DIR)/Pods-Brachio_Colombia-Brachio_ColombiaUITests-checkManifestLockResult.txt",
			);
			runOnlyForDeploymentPostprocessing = 0;
			shellPath = /bin/sh;
			shellScript = "diff \"${PODS_PODFILE_DIR_PATH}/Podfile.lock\" \"${PODS_ROOT}/Manifest.lock\" > /dev/null\nif [ $? != 0 ] ; then\n    # print error to STDERR\n    echo \"error: The sandbox is not in sync with the Podfile.lock. Run 'pod install' or update your CocoaPods installation.\" >&2\n    exit 1\nfi\n# This output is used by Xcode 'outputs' to avoid re-running this script phase.\necho \"SUCCESS\" > \"${SCRIPT_OUTPUT_FILE_0}\"\n";
			showEnvVarsInLog = 0;
		};
		BEB4BCD1465DB4A614F5BCF9 /* [CP] Check Pods Manifest.lock */ = {
			isa = PBXShellScriptBuildPhase;
			buildActionMask = 2147483647;
			files = (
			);
			inputFileListPaths = (
			);
			inputPaths = (
				"${PODS_PODFILE_DIR_PATH}/Podfile.lock",
				"${PODS_ROOT}/Manifest.lock",
			);
			name = "[CP] Check Pods Manifest.lock";
			outputFileListPaths = (
			);
			outputPaths = (
				"$(DERIVED_FILE_DIR)/Pods-Brachio_Colombia-checkManifestLockResult.txt",
			);
			runOnlyForDeploymentPostprocessing = 0;
			shellPath = /bin/sh;
			shellScript = "diff \"${PODS_PODFILE_DIR_PATH}/Podfile.lock\" \"${PODS_ROOT}/Manifest.lock\" > /dev/null\nif [ $? != 0 ] ; then\n    # print error to STDERR\n    echo \"error: The sandbox is not in sync with the Podfile.lock. Run 'pod install' or update your CocoaPods installation.\" >&2\n    exit 1\nfi\n# This output is used by Xcode 'outputs' to avoid re-running this script phase.\necho \"SUCCESS\" > \"${SCRIPT_OUTPUT_FILE_0}\"\n";
			showEnvVarsInLog = 0;
		};
		E841EB60B5D68BE49B706FF9 /* [CP] Embed Pods Frameworks */ = {
			isa = PBXShellScriptBuildPhase;
			buildActionMask = 2147483647;
			files = (
			);
			inputFileListPaths = (
				"${PODS_ROOT}/Target Support Files/Pods-Brachio_Colombia-Brachio_ColombiaUITests/Pods-Brachio_Colombia-Brachio_ColombiaUITests-frameworks-${CONFIGURATION}-input-files.xcfilelist",
			);
			name = "[CP] Embed Pods Frameworks";
			outputFileListPaths = (
				"${PODS_ROOT}/Target Support Files/Pods-Brachio_Colombia-Brachio_ColombiaUITests/Pods-Brachio_Colombia-Brachio_ColombiaUITests-frameworks-${CONFIGURATION}-output-files.xcfilelist",
			);
			runOnlyForDeploymentPostprocessing = 0;
			shellPath = /bin/sh;
			shellScript = "\"${PODS_ROOT}/Target Support Files/Pods-Brachio_Colombia-Brachio_ColombiaUITests/Pods-Brachio_Colombia-Brachio_ColombiaUITests-frameworks.sh\"\n";
			showEnvVarsInLog = 0;
		};
/* End PBXShellScriptBuildPhase section */

/* Begin PBXSourcesBuildPhase section */
		34D9DC8AF811891D292E7E58 /* Sources */ = {
			isa = PBXSourcesBuildPhase;
			buildActionMask = 2147483647;
			files = (
				ABBE325344427B386991486C /* Brachio_ColombiaTests.swift in Sources */,
			);
			runOnlyForDeploymentPostprocessing = 0;
		};
		4FF09D6B69CA769E45B310A9 /* Sources */ = {
			isa = PBXSourcesBuildPhase;
			buildActionMask = 2147483647;
			files = (
				F118A732EF200D2B6156F545 /* AppDelegate.swift in Sources */,
				AF1B3D1657AD9F9E9365FCA2 /* SceneDelegate.swift in Sources */,
				B1D5889EDC752467860782FA /* ViewController.swift in Sources */,
			);
			runOnlyForDeploymentPostprocessing = 0;
		};
		5BA4A67D66D438E9038EF20D /* Sources */ = {
			isa = PBXSourcesBuildPhase;
			buildActionMask = 2147483647;
			files = (
				71A0FCAF130914976FD25476 /* Brachio_ColombiaUITests.swift in Sources */,
			);
			runOnlyForDeploymentPostprocessing = 0;
		};
/* End PBXSourcesBuildPhase section */

/* Begin PBXTargetDependency section */
		089A32621CBFE438AFEB5884 /* PBXTargetDependency */ = {
			isa = PBXTargetDependency;
			target = 245B240C1493CBB40AB627CD /* Brachio_Colombia */;
			targetProxy = D4F60901FDF5FC356BAF23A8 /* PBXContainerItemProxy */;
		};
		B37223CB8D802D3102AD0E47 /* PBXTargetDependency */ = {
			isa = PBXTargetDependency;
			target = 245B240C1493CBB40AB627CD /* Brachio_Colombia */;
			targetProxy = EC0432A790F590A029FE0EA5 /* PBXContainerItemProxy */;
		};
/* End PBXTargetDependency section */

/* Begin PBXVariantGroup section */
		BB9DA443F25069C5D7736939 /* Main.storyboard */ = {
			isa = PBXVariantGroup;
			children = (
				7AC331D2E0975D1CD8219EE9 /* Base */,
			);
			name = Main.storyboard;
			sourceTree = "<group>";
		};
		CCBC7570FC5C2D5C61E0BD45 /* LaunchScreen.storyboard */ = {
			isa = PBXVariantGroup;
			children = (
				954BFC4718B805D2E8A7D055 /* Base */,
			);
			name = LaunchScreen.storyboard;
			sourceTree = "<group>";
		};
/* End PBXVariantGroup section */

/* Begin XCBuildConfiguration section */
		1DBF5C159DCC920A1100E145 /* Debug */ = {
			isa = XCBuildConfiguration;
			buildSettings = {
				ALWAYS_SEARCH_USER_PATHS = NO;
				CLANG_ANALYZER_NONNULL = YES;
				CLANG_ANALYZER_NUMBER_OBJECT_CONVERSION = YES_AGGRESSIVE;
				CLANG_CXX_LANGUAGE_STANDARD = "gnu++14";
				CLANG_CXX_LIBRARY = "libc++";
				CLANG_ENABLE_MODULES = YES;
				CLANG_ENABLE_OBJC_ARC = YES;
				CLANG_ENABLE_OBJC_WEAK = YES;
				CLANG_WARN_BLOCK_CAPTURE_AUTORELEASING = YES;
				CLANG_WARN_BOOL_CONVERSION = YES;
				CLANG_WARN_COMMA = YES;
				CLANG_WARN_CONSTANT_CONVERSION = YES;
				CLANG_WARN_DEPRECATED_OBJC_IMPLEMENTATIONS = YES;
				CLANG_WARN_DIRECT_OBJC_ISA_USAGE = YES_ERROR;
				CLANG_WARN_DOCUMENTATION_COMMENTS = YES;
				CLANG_WARN_EMPTY_BODY = YES;
				CLANG_WARN_ENUM_CONVERSION = YES;
				CLANG_WARN_INFINITE_RECURSION = YES;
				CLANG_WARN_INT_CONVERSION = YES;
				CLANG_WARN_NON_LITERAL_NULL_CONVERSION = YES;
				CLANG_WARN_OBJC_IMPLICIT_RETAIN_SELF = YES;
				CLANG_WARN_OBJC_LITERAL_CONVERSION = YES;
				CLANG_WARN_OBJC_ROOT_CLASS = YES_ERROR;
				CLANG_WARN_QUOTED_INCLUDE_IN_FRAMEWORK_HEADER = YES;
				CLANG_WARN_RANGE_LOOP_ANALYSIS = YES;
				CLANG_WARN_STRICT_PROTOTYPES = YES;
				CLANG_WARN_SUSPICIOUS_MOVE = YES;
				CLANG_WARN_UNGUARDED_AVAILABILITY = YES_AGGRESSIVE;
				CLANG_WARN_UNREACHABLE_CODE = YES;
				CLANG_WARN__DUPLICATE_METHOD_MATCH = YES;
				COPY_PHASE_STRIP = NO;
				DEBUG_INFORMATION_FORMAT = dwarf;
				ENABLE_STRICT_OBJC_MSGSEND = YES;
				ENABLE_TESTABILITY = YES;
				GCC_C_LANGUAGE_STANDARD = gnu11;
				GCC_DYNAMIC_NO_PIC = NO;
				GCC_NO_COMMON_BLOCKS = YES;
				GCC_OPTIMIZATION_LEVEL = 0;
				GCC_PREPROCESSOR_DEFINITIONS = (
					"$(inherited)",
					"DEBUG=1",
				);
				GCC_WARN_64_TO_32_BIT_CONVERSION = YES;
				GCC_WARN_ABOUT_RETURN_TYPE = YES_ERROR;
				GCC_WARN_UNDECLARED_SELECTOR = YES;
				GCC_WARN_UNINITIALIZED_AUTOS = YES_AGGRESSIVE;
				GCC_WARN_UNUSED_FUNCTION = YES;
				GCC_WARN_UNUSED_VARIABLE = YES;
				MTL_ENABLE_DEBUG_INFO = INCLUDE_SOURCE;
				MTL_FAST_MATH = YES;
				ONLY_ACTIVE_ARCH = YES;
				PRODUCT_NAME = "$(TARGET_NAME)";
				SDKROOT = iphoneos;
				SWIFT_ACTIVE_COMPILATION_CONDITIONS = DEBUG;
				SWIFT_OPTIMIZATION_LEVEL = "-Onone";
				SWIFT_VERSION = 5.0;
			};
			name = Debug;
		};
		255F67622AE750350E57A3B7 /* Release */ = {
			isa = XCBuildConfiguration;
			baseConfigurationReference = E906865D2385BC61BBA1A8D4 /* Pods-Brachio_Colombia.release.xcconfig */;
			buildSettings = {
				ASSETCATALOG_COMPILER_APPICON_NAME = AppIcon;
				CODE_SIGN_IDENTITY = "iPhone Developer";
				INFOPLIST_FILE = Brachio_Colombia/Info.plist;
				IPHONEOS_DEPLOYMENT_TARGET = 13.0;
				LD_RUNPATH_SEARCH_PATHS = (
					"$(inherited)",
					"@executable_path/Frameworks",
				);
				PRODUCT_BUNDLE_IDENTIFIER = "Tech-Nayuta.Brachio_Colombia";
				SDKROOT = iphoneos;
				TARGETED_DEVICE_FAMILY = "1,2";
			};
			name = Release;
		};
		4E87AE6492A4CA15442D9CCD /* Debug */ = {
			isa = XCBuildConfiguration;
			baseConfigurationReference = 31B38FC42304DCF6B064534B /* Pods-Brachio_Colombia-Brachio_ColombiaUITests.debug.xcconfig */;
			buildSettings = {
				BUNDLE_LOADER = "$(TEST_HOST)";
				INFOPLIST_FILE = Brachio_ColombiaUITests/Info.plist;
				IPHONEOS_DEPLOYMENT_TARGET = 13.0;
				LD_RUNPATH_SEARCH_PATHS = (
					"$(inherited)",
					"@executable_path/Frameworks",
					"@loader_path/Frameworks",
				);
				SDKROOT = iphoneos;
				TARGETED_DEVICE_FAMILY = "1,2";
				TEST_TARGET_NAME = Brachio_Colombia;
			};
			name = Debug;
		};
		6883A2342280754F3316D38A /* Release */ = {
			isa = XCBuildConfiguration;
			buildSettings = {
				ALWAYS_SEARCH_USER_PATHS = NO;
				CLANG_ANALYZER_NONNULL = YES;
				CLANG_ANALYZER_NUMBER_OBJECT_CONVERSION = YES_AGGRESSIVE;
				CLANG_CXX_LANGUAGE_STANDARD = "gnu++14";
				CLANG_CXX_LIBRARY = "libc++";
				CLANG_ENABLE_MODULES = YES;
				CLANG_ENABLE_OBJC_ARC = YES;
				CLANG_ENABLE_OBJC_WEAK = YES;
				CLANG_WARN_BLOCK_CAPTURE_AUTORELEASING = YES;
				CLANG_WARN_BOOL_CONVERSION = YES;
				CLANG_WARN_COMMA = YES;
				CLANG_WARN_CONSTANT_CONVERSION = YES;
				CLANG_WARN_DEPRECATED_OBJC_IMPLEMENTATIONS = YES;
				CLANG_WARN_DIRECT_OBJC_ISA_USAGE = YES_ERROR;
				CLANG_WARN_DOCUMENTATION_COMMENTS = YES;
				CLANG_WARN_EMPTY_BODY = YES;
				CLANG_WARN_ENUM_CONVERSION = YES;
				CLANG_WARN_INFINITE_RECURSION = YES;
				CLANG_WARN_INT_CONVERSION = YES;
				CLANG_WARN_NON_LITERAL_NULL_CONVERSION = YES;
				CLANG_WARN_OBJC_IMPLICIT_RETAIN_SELF = YES;
				CLANG_WARN_OBJC_LITERAL_CONVERSION = YES;
				CLANG_WARN_OBJC_ROOT_CLASS = YES_ERROR;
				CLANG_WARN_QUOTED_INCLUDE_IN_FRAMEWORK_HEADER = YES;
				CLANG_WARN_RANGE_LOOP_ANALYSIS = YES;
				CLANG_WARN_STRICT_PROTOTYPES = YES;
				CLANG_WARN_SUSPICIOUS_MOVE = YES;
				CLANG_WARN_UNGUARDED_AVAILABILITY = YES_AGGRESSIVE;
				CLANG_WARN_UNREACHABLE_CODE = YES;
				CLANG_WARN__DUPLICATE_METHOD_MATCH = YES;
				COPY_PHASE_STRIP = NO;
				DEBUG_INFORMATION_FORMAT = "dwarf-with-dsym";
				ENABLE_NS_ASSERTIONS = NO;
				ENABLE_STRICT_OBJC_MSGSEND = YES;
				GCC_C_LANGUAGE_STANDARD = gnu11;
				GCC_NO_COMMON_BLOCKS = YES;
				GCC_WARN_64_TO_32_BIT_CONVERSION = YES;
				GCC_WARN_ABOUT_RETURN_TYPE = YES_ERROR;
				GCC_WARN_UNDECLARED_SELECTOR = YES;
				GCC_WARN_UNINITIALIZED_AUTOS = YES_AGGRESSIVE;
				GCC_WARN_UNUSED_FUNCTION = YES;
				GCC_WARN_UNUSED_VARIABLE = YES;
				MTL_ENABLE_DEBUG_INFO = NO;
				MTL_FAST_MATH = YES;
				PRODUCT_NAME = "$(TARGET_NAME)";
				SDKROOT = iphoneos;
				SWIFT_COMPILATION_MODE = wholemodule;
				SWIFT_OPTIMIZATION_LEVEL = "-O";
				SWIFT_VERSION = 5.0;
			};
			name = Release;
		};
		7CA616669D050F0F5E28AC2E /* Release */ = {
			isa = XCBuildConfiguration;
			baseConfigurationReference = 02FC0744613A3CBB666CE913 /* Pods-Brachio_ColombiaTests.release.xcconfig */;
			buildSettings = {
				BUNDLE_LOADER = "$(TEST_HOST)";
				INFOPLIST_FILE = Brachio_ColombiaTests/Info.plist;
				IPHONEOS_DEPLOYMENT_TARGET = 13.0;
				LD_RUNPATH_SEARCH_PATHS = (
					"$(inherited)",
					"@executable_path/Frameworks",
					"@loader_path/Frameworks",
				);
				SDKROOT = iphoneos;
				TARGETED_DEVICE_FAMILY = "1,2";
				TEST_HOST = "$(BUILT_PRODUCTS_DIR)/Brachio_Colombia.app/Brachio_Colombia";
			};
			name = Release;
		};
		C07607867EA0F55FFF0E8DB6 /* Release */ = {
			isa = XCBuildConfiguration;
			baseConfigurationReference = 7581C33F5D056281A02E1DB1 /* Pods-Brachio_Colombia-Brachio_ColombiaUITests.release.xcconfig */;
			buildSettings = {
				BUNDLE_LOADER = "$(TEST_HOST)";
				INFOPLIST_FILE = Brachio_ColombiaUITests/Info.plist;
				IPHONEOS_DEPLOYMENT_TARGET = 13.0;
				LD_RUNPATH_SEARCH_PATHS = (
					"$(inherited)",
					"@executable_path/Frameworks",
					"@loader_path/Frameworks",
				);
				SDKROOT = iphoneos;
				TARGETED_DEVICE_FAMILY = "1,2";
				TEST_TARGET_NAME = Brachio_Colombia;
			};
			name = Release;
		};
		C17BF5B7883B85B90629EF76 /* Debug */ = {
			isa = XCBuildConfiguration;
			baseConfigurationReference = 030D195DB3C760865D87B434 /* Pods-Brachio_ColombiaTests.debug.xcconfig */;
			buildSettings = {
				BUNDLE_LOADER = "$(TEST_HOST)";
				INFOPLIST_FILE = Brachio_ColombiaTests/Info.plist;
				IPHONEOS_DEPLOYMENT_TARGET = 13.0;
				LD_RUNPATH_SEARCH_PATHS = (
					"$(inherited)",
					"@executable_path/Frameworks",
					"@loader_path/Frameworks",
				);
				SDKROOT = iphoneos;
				TARGETED_DEVICE_FAMILY = "1,2";
				TEST_HOST = "$(BUILT_PRODUCTS_DIR)/Brachio_Colombia.app/Brachio_Colombia";
			};
			name = Debug;
		};
		F5DBA5619E3C3B6217390B0D /* Debug */ = {
			isa = XCBuildConfiguration;
			baseConfigurationReference = 5CB00DC2FBDE5C914CF07A42 /* Pods-Brachio_Colombia.debug.xcconfig */;
			buildSettings = {
				ASSETCATALOG_COMPILER_APPICON_NAME = AppIcon;
				CODE_SIGN_IDENTITY = "iPhone Developer";
				INFOPLIST_FILE = Brachio_Colombia/Info.plist;
				IPHONEOS_DEPLOYMENT_TARGET = 13.0;
				LD_RUNPATH_SEARCH_PATHS = (
					"$(inherited)",
					"@executable_path/Frameworks",
				);
				PRODUCT_BUNDLE_IDENTIFIER = "Tech-Nayuta.Brachio_Colombia";
				SDKROOT = iphoneos;
				TARGETED_DEVICE_FAMILY = "1,2";
			};
			name = Debug;
		};
/* End XCBuildConfiguration section */

/* Begin XCConfigurationList section */
		30533977BF543A2802607981 /* Build configuration list for PBXProject "Brachio_Colombia" */ = {
			isa = XCConfigurationList;
			buildConfigurations = (
				1DBF5C159DCC920A1100E145 /* Debug */,
				6883A2342280754F3316D38A /* Release */,
			);
			defaultConfigurationIsVisible = 0;
			defaultConfigurationName = Debug;
		};
		B0DE3ECFB7BAC928E1E77FAD /* Build configuration list for PBXNativeTarget "Brachio_Colombia" */ = {
			isa = XCConfigurationList;
			buildConfigurations = (
				F5DBA5619E3C3B6217390B0D /* Debug */,
				255F67622AE750350E57A3B7 /* Release */,
			);
			defaultConfigurationIsVisible = 0;
			defaultConfigurationName = Debug;
		};
		E3B90904D1CE12DDB2E44799 /* Build configuration list for PBXNativeTarget "Brachio_ColombiaUITests" */ = {
			isa = XCConfigurationList;
			buildConfigurations = (
				4E87AE6492A4CA15442D9CCD /* Debug */,
				C07607867EA0F55FFF0E8DB6 /* Release */,
			);
			defaultConfigurationIsVisible = 0;
			defaultConfigurationName = Debug;
		};
		F25BD8DACE28FA7669902E6C /* Build configuration list for PBXNativeTarget "Brachio_ColombiaTests" */ = {
			isa = XCConfigurationList;
			buildConfigurations = (
				C17BF5B7883B85B90629EF76 /* Debug */,
				7CA616669D050F0F5E28AC2E /* Release */,
			);
			defaultConfigurationIsVisible = 0;
			defaultConfigurationName = Debug;
		};
/* End XCConfigurationList section */
	};
	rootObject = E4A0D8851AD99E6C57E875A0 /* Project object */;
}
