// !$*UTF8*$!
{
	archiveVersion = 1;
	classes = {
	};
	objectVersion = 51;
	objects = {

/* Begin PBXBuildFile section */
		1FD5A828B815675CE05A67EF /* Main.storyboard in Resources */ = {isa = PBXBuildFile; fileRef = F5F9622EB1E7CFDC048968AC /* Main.storyboard */; };
		4E8B3BF6BA562E3E6C5923EB /* LaunchScreen.storyboard in Resources */ = {isa = PBXBuildFile; fileRef = 5AE31AE1A8A7B5647BE156E8 /* LaunchScreen.storyboard */; };
		5D0CC04F866509AD69D1B4D8 /* Assets.xcassets in Resources */ = {isa = PBXBuildFile; fileRef = F19379A11AAD8481E8C1688B /* Assets.xcassets */; };
		6A980C8125FF58A40021FE41 /* GroupListViewController.swift in Sources */ = {isa = PBXBuildFile; fileRef = 6A980C7F25FF58A40021FE41 /* GroupListViewController.swift */; };
		6A980C8225FF58A50021FE41 /* GroupListViewController.xib in Resources */ = {isa = PBXBuildFile; fileRef = 6A980C8025FF58A40021FE41 /* GroupListViewController.xib */; };
		6A980C8825FF58CE0021FE41 /* ProfileListViewController.swift in Sources */ = {isa = PBXBuildFile; fileRef = 6A980C8625FF58CE0021FE41 /* ProfileListViewController.swift */; };
		6A980C8925FF58CE0021FE41 /* ProfileListViewController.xib in Resources */ = {isa = PBXBuildFile; fileRef = 6A980C8725FF58CE0021FE41 /* ProfileListViewController.xib */; };
		6A980C8F25FF59440021FE41 /* DetailViewController.swift in Sources */ = {isa = PBXBuildFile; fileRef = 6A980C8D25FF59440021FE41 /* DetailViewController.swift */; };
		6A980C9025FF59440021FE41 /* DetailViewController.xib in Resources */ = {isa = PBXBuildFile; fileRef = 6A980C8E25FF59440021FE41 /* DetailViewController.xib */; };
		6A980C9925FF595C0021FE41 /* AddGroupViewController.swift in Sources */ = {isa = PBXBuildFile; fileRef = 6A980C9725FF595C0021FE41 /* AddGroupViewController.swift */; };
		6A980C9A25FF595C0021FE41 /* AddGroupViewController.xib in Resources */ = {isa = PBXBuildFile; fileRef = 6A980C9825FF595C0021FE41 /* AddGroupViewController.xib */; };
		6A980CA025FF59780021FE41 /* AddProfileViewController.swift in Sources */ = {isa = PBXBuildFile; fileRef = 6A980C9E25FF59780021FE41 /* AddProfileViewController.swift */; };
		6A980CA125FF59780021FE41 /* AddProfileViewController.xib in Resources */ = {isa = PBXBuildFile; fileRef = 6A980C9F25FF59780021FE41 /* AddProfileViewController.xib */; };
		71A0FCAF130914976FD25476 /* Brachio_ColombiaUITests.swift in Sources */ = {isa = PBXBuildFile; fileRef = A56164A0EFA0B96CBDFAB629 /* Brachio_ColombiaUITests.swift */; };
		754C3F091BF9AD3B38346AF6 /* SceneDelegate.swift in Sources */ = {isa = PBXBuildFile; fileRef = 3394D6DA786161A8FB59AE69 /* SceneDelegate.swift */; };
		798C860EAFA6FF64A315A784 /* Pods_Brachio_Colombia_Brachio_ColombiaUITests.framework in Frameworks */ = {isa = PBXBuildFile; fileRef = 0C7CE39FC2A3134DF70507C7 /* Pods_Brachio_Colombia_Brachio_ColombiaUITests.framework */; };
		ABBE325344427B386991486C /* Brachio_ColombiaTests.swift in Sources */ = {isa = PBXBuildFile; fileRef = 05BD4DD2EF4974930CF26087 /* Brachio_ColombiaTests.swift */; };
		B017B585E7D7B06E69B0F67D /* Pods_Brachio_Colombia.framework in Frameworks */ = {isa = PBXBuildFile; fileRef = C6C20014529002DC0597CEB1 /* Pods_Brachio_Colombia.framework */; };
		BA581D49B10C420A9C33739C /* Pods_Brachio_ColombiaTests.framework in Frameworks */ = {isa = PBXBuildFile; fileRef = E8A480F20C13BD15E6F623F2 /* Pods_Brachio_ColombiaTests.framework */; };
		EF665D2D5936545B86FC2B41 /* AppDelegate.swift in Sources */ = {isa = PBXBuildFile; fileRef = DF5B97A04FDDC761E0895B0C /* AppDelegate.swift */; };
/* End PBXBuildFile section */

/* Begin PBXContainerItemProxy section */
		D4F60901FDF5FC356BAF23A8 /* PBXContainerItemProxy */ = {
			isa = PBXContainerItemProxy;
			containerPortal = E4A0D8851AD99E6C57E875A0 /* Project object */;
			proxyType = 1;
			remoteGlobalIDString = 245B240C1493CBB40AB627CD;
			remoteInfo = Brachio_Colombia;
		};
		EC0432A790F590A029FE0EA5 /* PBXContainerItemProxy */ = {
			isa = PBXContainerItemProxy;
			containerPortal = E4A0D8851AD99E6C57E875A0 /* Project object */;
			proxyType = 1;
			remoteGlobalIDString = 245B240C1493CBB40AB627CD;
			remoteInfo = Brachio_Colombia;
		};
/* End PBXContainerItemProxy section */

/* Begin PBXFileReference section */
		05BD4DD2EF4974930CF26087 /* Brachio_ColombiaTests.swift */ = {isa = PBXFileReference; lastKnownFileType = sourcecode.swift; path = Brachio_ColombiaTests.swift; sourceTree = "<group>"; };
		0C7CE39FC2A3134DF70507C7 /* Pods_Brachio_Colombia_Brachio_ColombiaUITests.framework */ = {isa = PBXFileReference; explicitFileType = wrapper.framework; includeInIndex = 0; path = Pods_Brachio_Colombia_Brachio_ColombiaUITests.framework; sourceTree = BUILT_PRODUCTS_DIR; };
		0F8DF118241697A8CB2E0DFC /* Brachio_Colombia.app */ = {isa = PBXFileReference; includeInIndex = 0; lastKnownFileType = wrapper.application; path = Brachio_Colombia.app; sourceTree = BUILT_PRODUCTS_DIR; };
		108370295474B9D959863EDB /* Info.plist */ = {isa = PBXFileReference; lastKnownFileType = text.plist; path = Info.plist; sourceTree = "<group>"; };
		1D71E2D98EB3A0DC567D0148 /* Pods-Brachio_ColombiaTests.release.xcconfig */ = {isa = PBXFileReference; includeInIndex = 1; lastKnownFileType = text.xcconfig; name = "Pods-Brachio_ColombiaTests.release.xcconfig"; path = "Target Support Files/Pods-Brachio_ColombiaTests/Pods-Brachio_ColombiaTests.release.xcconfig"; sourceTree = "<group>"; };
		327D8ACF700525D94F669544 /* Pods-Brachio_Colombia-Brachio_ColombiaUITests.debug.xcconfig */ = {isa = PBXFileReference; includeInIndex = 1; lastKnownFileType = text.xcconfig; name = "Pods-Brachio_Colombia-Brachio_ColombiaUITests.debug.xcconfig"; path = "Target Support Files/Pods-Brachio_Colombia-Brachio_ColombiaUITests/Pods-Brachio_Colombia-Brachio_ColombiaUITests.debug.xcconfig"; sourceTree = "<group>"; };
		3394D6DA786161A8FB59AE69 /* SceneDelegate.swift */ = {isa = PBXFileReference; lastKnownFileType = sourcecode.swift; path = SceneDelegate.swift; sourceTree = "<group>"; };
		482006BB4E81039BAB9B0D4C /* Pods-Brachio_Colombia-Brachio_ColombiaUITests.release.xcconfig */ = {isa = PBXFileReference; includeInIndex = 1; lastKnownFileType = text.xcconfig; name = "Pods-Brachio_Colombia-Brachio_ColombiaUITests.release.xcconfig"; path = "Target Support Files/Pods-Brachio_Colombia-Brachio_ColombiaUITests/Pods-Brachio_Colombia-Brachio_ColombiaUITests.release.xcconfig"; sourceTree = "<group>"; };
		64C9570B9FE3CDF259CB8F30 /* Brachio_ColombiaUITests.xctest */ = {isa = PBXFileReference; includeInIndex = 0; lastKnownFileType = wrapper.cfbundle; path = Brachio_ColombiaUITests.xctest; sourceTree = BUILT_PRODUCTS_DIR; };
		66CF9483B765E5EE8D5772B5 /* Brachio_ColombiaTests.xctest */ = {isa = PBXFileReference; includeInIndex = 0; lastKnownFileType = wrapper.cfbundle; path = Brachio_ColombiaTests.xctest; sourceTree = BUILT_PRODUCTS_DIR; };
		6A980C7F25FF58A40021FE41 /* GroupListViewController.swift */ = {isa = PBXFileReference; lastKnownFileType = sourcecode.swift; path = GroupListViewController.swift; sourceTree = "<group>"; };
		6A980C8025FF58A40021FE41 /* GroupListViewController.xib */ = {isa = PBXFileReference; lastKnownFileType = file.xib; path = GroupListViewController.xib; sourceTree = "<group>"; };
		6A980C8625FF58CE0021FE41 /* ProfileListViewController.swift */ = {isa = PBXFileReference; lastKnownFileType = sourcecode.swift; path = ProfileListViewController.swift; sourceTree = "<group>"; };
		6A980C8725FF58CE0021FE41 /* ProfileListViewController.xib */ = {isa = PBXFileReference; lastKnownFileType = file.xib; path = ProfileListViewController.xib; sourceTree = "<group>"; };
		6A980C8D25FF59440021FE41 /* DetailViewController.swift */ = {isa = PBXFileReference; lastKnownFileType = sourcecode.swift; path = DetailViewController.swift; sourceTree = "<group>"; };
		6A980C8E25FF59440021FE41 /* DetailViewController.xib */ = {isa = PBXFileReference; lastKnownFileType = file.xib; path = DetailViewController.xib; sourceTree = "<group>"; };
		6A980C9725FF595C0021FE41 /* AddGroupViewController.swift */ = {isa = PBXFileReference; lastKnownFileType = sourcecode.swift; path = AddGroupViewController.swift; sourceTree = "<group>"; };
		6A980C9825FF595C0021FE41 /* AddGroupViewController.xib */ = {isa = PBXFileReference; lastKnownFileType = file.xib; path = AddGroupViewController.xib; sourceTree = "<group>"; };
		6A980C9E25FF59780021FE41 /* AddProfileViewController.swift */ = {isa = PBXFileReference; lastKnownFileType = sourcecode.swift; path = AddProfileViewController.swift; sourceTree = "<group>"; };
		6A980C9F25FF59780021FE41 /* AddProfileViewController.xib */ = {isa = PBXFileReference; lastKnownFileType = file.xib; path = AddProfileViewController.xib; sourceTree = "<group>"; };
		76218EE8E4B776E077D42151 /* Info.plist */ = {isa = PBXFileReference; lastKnownFileType = text.plist; path = Info.plist; sourceTree = "<group>"; };
		A56164A0EFA0B96CBDFAB629 /* Brachio_ColombiaUITests.swift */ = {isa = PBXFileReference; lastKnownFileType = sourcecode.swift; path = Brachio_ColombiaUITests.swift; sourceTree = "<group>"; };
		BC8C17904CE725D11A85DE8E /* Pods-Brachio_Colombia.debug.xcconfig */ = {isa = PBXFileReference; includeInIndex = 1; lastKnownFileType = text.xcconfig; name = "Pods-Brachio_Colombia.debug.xcconfig"; path = "Target Support Files/Pods-Brachio_Colombia/Pods-Brachio_Colombia.debug.xcconfig"; sourceTree = "<group>"; };
		BFC752A18F348A44C58429DF /* Info.plist */ = {isa = PBXFileReference; lastKnownFileType = text.plist; path = Info.plist; sourceTree = "<group>"; };
		C0473A1753A120179A4B44CF /* Base */ = {isa = PBXFileReference; lastKnownFileType = file.storyboard; name = Base; path = Base.lproj/Main.storyboard; sourceTree = "<group>"; };
		C6C20014529002DC0597CEB1 /* Pods_Brachio_Colombia.framework */ = {isa = PBXFileReference; explicitFileType = wrapper.framework; includeInIndex = 0; path = Pods_Brachio_Colombia.framework; sourceTree = BUILT_PRODUCTS_DIR; };
		CEA8B2200601391C83A6BD23 /* Pods-Brachio_Colombia.release.xcconfig */ = {isa = PBXFileReference; includeInIndex = 1; lastKnownFileType = text.xcconfig; name = "Pods-Brachio_Colombia.release.xcconfig"; path = "Target Support Files/Pods-Brachio_Colombia/Pods-Brachio_Colombia.release.xcconfig"; sourceTree = "<group>"; };
		D55198E0B8E8F40F093A62E4 /* Base */ = {isa = PBXFileReference; lastKnownFileType = file.storyboard; name = Base; path = Base.lproj/LaunchScreen.storyboard; sourceTree = "<group>"; };
		DF5B97A04FDDC761E0895B0C /* AppDelegate.swift */ = {isa = PBXFileReference; lastKnownFileType = sourcecode.swift; path = AppDelegate.swift; sourceTree = "<group>"; };
		E82C19CADE24C40E3DB8E7B0 /* Pods-Brachio_ColombiaTests.debug.xcconfig */ = {isa = PBXFileReference; includeInIndex = 1; lastKnownFileType = text.xcconfig; name = "Pods-Brachio_ColombiaTests.debug.xcconfig"; path = "Target Support Files/Pods-Brachio_ColombiaTests/Pods-Brachio_ColombiaTests.debug.xcconfig"; sourceTree = "<group>"; };
		E8A480F20C13BD15E6F623F2 /* Pods_Brachio_ColombiaTests.framework */ = {isa = PBXFileReference; explicitFileType = wrapper.framework; includeInIndex = 0; path = Pods_Brachio_ColombiaTests.framework; sourceTree = BUILT_PRODUCTS_DIR; };
		F19379A11AAD8481E8C1688B /* Assets.xcassets */ = {isa = PBXFileReference; lastKnownFileType = folder.assetcatalog; path = Assets.xcassets; sourceTree = "<group>"; };
/* End PBXFileReference section */

/* Begin PBXFrameworksBuildPhase section */
		2261148248AB6DFD3DF8CD7D /* Frameworks */ = {
			isa = PBXFrameworksBuildPhase;
			buildActionMask = 2147483647;
			files = (
				BA581D49B10C420A9C33739C /* Pods_Brachio_ColombiaTests.framework in Frameworks */,
			);
			runOnlyForDeploymentPostprocessing = 0;
		};
		7BAC009850AEFA05BCC88549 /* Frameworks */ = {
			isa = PBXFrameworksBuildPhase;
			buildActionMask = 2147483647;
			files = (
				B017B585E7D7B06E69B0F67D /* Pods_Brachio_Colombia.framework in Frameworks */,
			);
			runOnlyForDeploymentPostprocessing = 0;
		};
		88AA5CB08CD354FD45874143 /* Frameworks */ = {
			isa = PBXFrameworksBuildPhase;
			buildActionMask = 2147483647;
			files = (
				798C860EAFA6FF64A315A784 /* Pods_Brachio_Colombia_Brachio_ColombiaUITests.framework in Frameworks */,
			);
			runOnlyForDeploymentPostprocessing = 0;
		};
/* End PBXFrameworksBuildPhase section */

/* Begin PBXGroup section */
		062A245D87A7778881CCCA98 /* Brachio_ColombiaUITests */ = {
			isa = PBXGroup;
			children = (
				A56164A0EFA0B96CBDFAB629 /* Brachio_ColombiaUITests.swift */,
				BFC752A18F348A44C58429DF /* Info.plist */,
			);
			path = Brachio_ColombiaUITests;
			sourceTree = "<group>";
		};
		27A25FEE4A9CBC16C1A1C10A /* Brachio_Colombia */ = {
			isa = PBXGroup;
			children = (
				4F04EA19FFC5F4E1D497098E /* Resources */,
				62FD77BEA30F311346C7CF6C /* Sources */,
			);
			path = Brachio_Colombia;
			sourceTree = "<group>";
		};
		4F04EA19FFC5F4E1D497098E /* Resources */ = {
			isa = PBXGroup;
			children = (
				F19379A11AAD8481E8C1688B /* Assets.xcassets */,
				76218EE8E4B776E077D42151 /* Info.plist */,
				5AE31AE1A8A7B5647BE156E8 /* LaunchScreen.storyboard */,
				F5F9622EB1E7CFDC048968AC /* Main.storyboard */,
			);
			path = Resources;
			sourceTree = "<group>";
		};
		62FD77BEA30F311346C7CF6C /* Sources */ = {
			isa = PBXGroup;
			children = (
				DF5B97A04FDDC761E0895B0C /* AppDelegate.swift */,
				3394D6DA786161A8FB59AE69 /* SceneDelegate.swift */,
				C51ED1DB3DD0995D516EDD05 /* View */,
			);
			path = Sources;
			sourceTree = "<group>";
		};
		636D39961DC5797E717A9769 /* Pods */ = {
			isa = PBXGroup;
			children = (
				BC8C17904CE725D11A85DE8E /* Pods-Brachio_Colombia.debug.xcconfig */,
				CEA8B2200601391C83A6BD23 /* Pods-Brachio_Colombia.release.xcconfig */,
				327D8ACF700525D94F669544 /* Pods-Brachio_Colombia-Brachio_ColombiaUITests.debug.xcconfig */,
				482006BB4E81039BAB9B0D4C /* Pods-Brachio_Colombia-Brachio_ColombiaUITests.release.xcconfig */,
				E82C19CADE24C40E3DB8E7B0 /* Pods-Brachio_ColombiaTests.debug.xcconfig */,
				1D71E2D98EB3A0DC567D0148 /* Pods-Brachio_ColombiaTests.release.xcconfig */,
			);
			path = Pods;
			sourceTree = "<group>";
		};
		86D5C58A5531563FAF04A179 = {
			isa = PBXGroup;
			children = (
				27A25FEE4A9CBC16C1A1C10A /* Brachio_Colombia */,
				B7B3A66DFE33E66ECDF4DA2B /* Brachio_ColombiaTests */,
				062A245D87A7778881CCCA98 /* Brachio_ColombiaUITests */,
				AD36907E6B191AFDC07A75F6 /* Products */,
				636D39961DC5797E717A9769 /* Pods */,
				A516BC30E14CAE350B5F7E91 /* Frameworks */,
			);
			sourceTree = "<group>";
		};
		A516BC30E14CAE350B5F7E91 /* Frameworks */ = {
			isa = PBXGroup;
			children = (
				C6C20014529002DC0597CEB1 /* Pods_Brachio_Colombia.framework */,
				0C7CE39FC2A3134DF70507C7 /* Pods_Brachio_Colombia_Brachio_ColombiaUITests.framework */,
				E8A480F20C13BD15E6F623F2 /* Pods_Brachio_ColombiaTests.framework */,
			);
			name = Frameworks;
			sourceTree = "<group>";
		};
		AD36907E6B191AFDC07A75F6 /* Products */ = {
			isa = PBXGroup;
			children = (
				0F8DF118241697A8CB2E0DFC /* Brachio_Colombia.app */,
				66CF9483B765E5EE8D5772B5 /* Brachio_ColombiaTests.xctest */,
				64C9570B9FE3CDF259CB8F30 /* Brachio_ColombiaUITests.xctest */,
			);
			name = Products;
			sourceTree = "<group>";
		};
		B7B3A66DFE33E66ECDF4DA2B /* Brachio_ColombiaTests */ = {
			isa = PBXGroup;
			children = (
				05BD4DD2EF4974930CF26087 /* Brachio_ColombiaTests.swift */,
				108370295474B9D959863EDB /* Info.plist */,
			);
			path = Brachio_ColombiaTests;
			sourceTree = "<group>";
		};
		C51ED1DB3DD0995D516EDD05 /* View */ = {
			isa = PBXGroup;
			children = (
				6A980C7F25FF58A40021FE41 /* GroupListViewController.swift */,
				6A980C8625FF58CE0021FE41 /* ProfileListViewController.swift */,
				6A980C8D25FF59440021FE41 /* DetailViewController.swift */,
				6A980C9725FF595C0021FE41 /* AddGroupViewController.swift */,
				6A980C9E25FF59780021FE41 /* AddProfileViewController.swift */,
				6A980C8025FF58A40021FE41 /* GroupListViewController.xib */,
				6A980C8725FF58CE0021FE41 /* ProfileListViewController.xib */,
				6A980C8E25FF59440021FE41 /* DetailViewController.xib */,
				6A980C9825FF595C0021FE41 /* AddGroupViewController.xib */,
				6A980C9F25FF59780021FE41 /* AddProfileViewController.xib */,
			);
			path = View;
			sourceTree = "<group>";
		};
/* End PBXGroup section */

/* Begin PBXNativeTarget section */
		245B240C1493CBB40AB627CD /* Brachio_Colombia */ = {
			isa = PBXNativeTarget;
			buildConfigurationList = B0DE3ECFB7BAC928E1E77FAD /* Build configuration list for PBXNativeTarget "Brachio_Colombia" */;
			buildPhases = (
				0D10975F48C8C1B9C65CEE89 /* [CP] Check Pods Manifest.lock */,
				4FF09D6B69CA769E45B310A9 /* Sources */,
				6CCEE12523411D1F4DBB51C2 /* Resources */,
				7BAC009850AEFA05BCC88549 /* Frameworks */,
				A413ECC9E35F9E99DD56241E /* [CP] Embed Pods Frameworks */,
			);
			buildRules = (
			);
			dependencies = (
			);
			name = Brachio_Colombia;
			productName = Brachio_Colombia;
			productReference = 0F8DF118241697A8CB2E0DFC /* Brachio_Colombia.app */;
			productType = "com.apple.product-type.application";
		};
		354963B1E66BC6A1661C5665 /* Brachio_ColombiaUITests */ = {
			isa = PBXNativeTarget;
			buildConfigurationList = E3B90904D1CE12DDB2E44799 /* Build configuration list for PBXNativeTarget "Brachio_ColombiaUITests" */;
			buildPhases = (
				11922DCEFC740ED2E8894241 /* [CP] Check Pods Manifest.lock */,
				5BA4A67D66D438E9038EF20D /* Sources */,
				88AA5CB08CD354FD45874143 /* Frameworks */,
				0D208BBDA199BDDA0F9C4846 /* [CP] Embed Pods Frameworks */,
			);
			buildRules = (
			);
			dependencies = (
				089A32621CBFE438AFEB5884 /* PBXTargetDependency */,
			);
			name = Brachio_ColombiaUITests;
			productName = Brachio_ColombiaUITests;
			productReference = 64C9570B9FE3CDF259CB8F30 /* Brachio_ColombiaUITests.xctest */;
			productType = "com.apple.product-type.bundle.ui-testing";
		};
		F79479CF7B61985B49CA5FB9 /* Brachio_ColombiaTests */ = {
			isa = PBXNativeTarget;
			buildConfigurationList = F25BD8DACE28FA7669902E6C /* Build configuration list for PBXNativeTarget "Brachio_ColombiaTests" */;
			buildPhases = (
				0C78EAECBBB3ECD45AF69268 /* [CP] Check Pods Manifest.lock */,
				34D9DC8AF811891D292E7E58 /* Sources */,
				2261148248AB6DFD3DF8CD7D /* Frameworks */,
			);
			buildRules = (
			);
			dependencies = (
				B37223CB8D802D3102AD0E47 /* PBXTargetDependency */,
			);
			name = Brachio_ColombiaTests;
			productName = Brachio_ColombiaTests;
			productReference = 66CF9483B765E5EE8D5772B5 /* Brachio_ColombiaTests.xctest */;
			productType = "com.apple.product-type.bundle.unit-test";
		};
/* End PBXNativeTarget section */

/* Begin PBXProject section */
		E4A0D8851AD99E6C57E875A0 /* Project object */ = {
			isa = PBXProject;
			attributes = {
				LastUpgradeCheck = 1200;
				TargetAttributes = {
					354963B1E66BC6A1661C5665 = {
						TestTargetID = 245B240C1493CBB40AB627CD;
					};
				};
			};
			buildConfigurationList = 30533977BF543A2802607981 /* Build configuration list for PBXProject "Brachio_Colombia" */;
			compatibilityVersion = "Xcode 10.0";
			developmentRegion = en;
			hasScannedForEncodings = 0;
			knownRegions = (
				Base,
				en,
			);
			mainGroup = 86D5C58A5531563FAF04A179;
			productRefGroup = AD36907E6B191AFDC07A75F6 /* Products */;
			projectDirPath = "";
			projectRoot = "";
			targets = (
				245B240C1493CBB40AB627CD /* Brachio_Colombia */,
				F79479CF7B61985B49CA5FB9 /* Brachio_ColombiaTests */,
				354963B1E66BC6A1661C5665 /* Brachio_ColombiaUITests */,
			);
		};
/* End PBXProject section */

/* Begin PBXResourcesBuildPhase section */
		6CCEE12523411D1F4DBB51C2 /* Resources */ = {
			isa = PBXResourcesBuildPhase;
			buildActionMask = 2147483647;
			files = (
				6A980C8925FF58CE0021FE41 /* ProfileListViewController.xib in Resources */,
				6A980C9025FF59440021FE41 /* DetailViewController.xib in Resources */,
				6A980C8225FF58A50021FE41 /* GroupListViewController.xib in Resources */,
				5D0CC04F866509AD69D1B4D8 /* Assets.xcassets in Resources */,
				6A980C9A25FF595C0021FE41 /* AddGroupViewController.xib in Resources */,
				4E8B3BF6BA562E3E6C5923EB /* LaunchScreen.storyboard in Resources */,
				6A980CA125FF59780021FE41 /* AddProfileViewController.xib in Resources */,
				1FD5A828B815675CE05A67EF /* Main.storyboard in Resources */,
			);
			runOnlyForDeploymentPostprocessing = 0;
		};
/* End PBXResourcesBuildPhase section */

/* Begin PBXShellScriptBuildPhase section */
		0C78EAECBBB3ECD45AF69268 /* [CP] Check Pods Manifest.lock */ = {
			isa = PBXShellScriptBuildPhase;
			buildActionMask = 2147483647;
			files = (
			);
			inputFileListPaths = (
			);
			inputPaths = (
				"${PODS_PODFILE_DIR_PATH}/Podfile.lock",
				"${PODS_ROOT}/Manifest.lock",
			);
			name = "[CP] Check Pods Manifest.lock";
			outputFileListPaths = (
			);
			outputPaths = (
				"$(DERIVED_FILE_DIR)/Pods-Brachio_ColombiaTests-checkManifestLockResult.txt",
			);
			runOnlyForDeploymentPostprocessing = 0;
			shellPath = /bin/sh;
			shellScript = "diff \"${PODS_PODFILE_DIR_PATH}/Podfile.lock\" \"${PODS_ROOT}/Manifest.lock\" > /dev/null\nif [ $? != 0 ] ; then\n    # print error to STDERR\n    echo \"error: The sandbox is not in sync with the Podfile.lock. Run 'pod install' or update your CocoaPods installation.\" >&2\n    exit 1\nfi\n# This output is used by Xcode 'outputs' to avoid re-running this script phase.\necho \"SUCCESS\" > \"${SCRIPT_OUTPUT_FILE_0}\"\n";
			showEnvVarsInLog = 0;
		};
		0D10975F48C8C1B9C65CEE89 /* [CP] Check Pods Manifest.lock */ = {
			isa = PBXShellScriptBuildPhase;
			buildActionMask = 2147483647;
			files = (
			);
			inputFileListPaths = (
			);
			inputPaths = (
				"${PODS_PODFILE_DIR_PATH}/Podfile.lock",
				"${PODS_ROOT}/Manifest.lock",
			);
			name = "[CP] Check Pods Manifest.lock";
			outputFileListPaths = (
			);
			outputPaths = (
				"$(DERIVED_FILE_DIR)/Pods-Brachio_Colombia-checkManifestLockResult.txt",
			);
			runOnlyForDeploymentPostprocessing = 0;
			shellPath = /bin/sh;
			shellScript = "diff \"${PODS_PODFILE_DIR_PATH}/Podfile.lock\" \"${PODS_ROOT}/Manifest.lock\" > /dev/null\nif [ $? != 0 ] ; then\n    # print error to STDERR\n    echo \"error: The sandbox is not in sync with the Podfile.lock. Run 'pod install' or update your CocoaPods installation.\" >&2\n    exit 1\nfi\n# This output is used by Xcode 'outputs' to avoid re-running this script phase.\necho \"SUCCESS\" > \"${SCRIPT_OUTPUT_FILE_0}\"\n";
			showEnvVarsInLog = 0;
		};
		0D208BBDA199BDDA0F9C4846 /* [CP] Embed Pods Frameworks */ = {
			isa = PBXShellScriptBuildPhase;
			buildActionMask = 2147483647;
			files = (
			);
			inputFileListPaths = (
				"${PODS_ROOT}/Target Support Files/Pods-Brachio_Colombia-Brachio_ColombiaUITests/Pods-Brachio_Colombia-Brachio_ColombiaUITests-frameworks-${CONFIGURATION}-input-files.xcfilelist",
			);
			name = "[CP] Embed Pods Frameworks";
			outputFileListPaths = (
				"${PODS_ROOT}/Target Support Files/Pods-Brachio_Colombia-Brachio_ColombiaUITests/Pods-Brachio_Colombia-Brachio_ColombiaUITests-frameworks-${CONFIGURATION}-output-files.xcfilelist",
			);
			runOnlyForDeploymentPostprocessing = 0;
			shellPath = /bin/sh;
			shellScript = "\"${PODS_ROOT}/Target Support Files/Pods-Brachio_Colombia-Brachio_ColombiaUITests/Pods-Brachio_Colombia-Brachio_ColombiaUITests-frameworks.sh\"\n";
			showEnvVarsInLog = 0;
		};
		11922DCEFC740ED2E8894241 /* [CP] Check Pods Manifest.lock */ = {
			isa = PBXShellScriptBuildPhase;
			buildActionMask = 2147483647;
			files = (
			);
			inputFileListPaths = (
			);
			inputPaths = (
				"${PODS_PODFILE_DIR_PATH}/Podfile.lock",
				"${PODS_ROOT}/Manifest.lock",
			);
			name = "[CP] Check Pods Manifest.lock";
			outputFileListPaths = (
			);
			outputPaths = (
				"$(DERIVED_FILE_DIR)/Pods-Brachio_Colombia-Brachio_ColombiaUITests-checkManifestLockResult.txt",
			);
			runOnlyForDeploymentPostprocessing = 0;
			shellPath = /bin/sh;
			shellScript = "diff \"${PODS_PODFILE_DIR_PATH}/Podfile.lock\" \"${PODS_ROOT}/Manifest.lock\" > /dev/null\nif [ $? != 0 ] ; then\n    # print error to STDERR\n    echo \"error: The sandbox is not in sync with the Podfile.lock. Run 'pod install' or update your CocoaPods installation.\" >&2\n    exit 1\nfi\n# This output is used by Xcode 'outputs' to avoid re-running this script phase.\necho \"SUCCESS\" > \"${SCRIPT_OUTPUT_FILE_0}\"\n";
			showEnvVarsInLog = 0;
		};
		A413ECC9E35F9E99DD56241E /* [CP] Embed Pods Frameworks */ = {
			isa = PBXShellScriptBuildPhase;
			buildActionMask = 2147483647;
			files = (
			);
			inputFileListPaths = (
				"${PODS_ROOT}/Target Support Files/Pods-Brachio_Colombia/Pods-Brachio_Colombia-frameworks-${CONFIGURATION}-input-files.xcfilelist",
			);
			name = "[CP] Embed Pods Frameworks";
			outputFileListPaths = (
				"${PODS_ROOT}/Target Support Files/Pods-Brachio_Colombia/Pods-Brachio_Colombia-frameworks-${CONFIGURATION}-output-files.xcfilelist",
			);
			runOnlyForDeploymentPostprocessing = 0;
			shellPath = /bin/sh;
			shellScript = "\"${PODS_ROOT}/Target Support Files/Pods-Brachio_Colombia/Pods-Brachio_Colombia-frameworks.sh\"\n";
			showEnvVarsInLog = 0;
		};
/* End PBXShellScriptBuildPhase section */

/* Begin PBXSourcesBuildPhase section */
		34D9DC8AF811891D292E7E58 /* Sources */ = {
			isa = PBXSourcesBuildPhase;
			buildActionMask = 2147483647;
			files = (
				ABBE325344427B386991486C /* Brachio_ColombiaTests.swift in Sources */,
			);
			runOnlyForDeploymentPostprocessing = 0;
		};
		4FF09D6B69CA769E45B310A9 /* Sources */ = {
			isa = PBXSourcesBuildPhase;
			buildActionMask = 2147483647;
			files = (
				6A980C8125FF58A40021FE41 /* GroupListViewController.swift in Sources */,
				EF665D2D5936545B86FC2B41 /* AppDelegate.swift in Sources */,
				6A980C8F25FF59440021FE41 /* DetailViewController.swift in Sources */,
				6A980CA025FF59780021FE41 /* AddProfileViewController.swift in Sources */,
				6A980C8825FF58CE0021FE41 /* ProfileListViewController.swift in Sources */,
				6A980C9925FF595C0021FE41 /* AddGroupViewController.swift in Sources */,
				754C3F091BF9AD3B38346AF6 /* SceneDelegate.swift in Sources */,
			);
			runOnlyForDeploymentPostprocessing = 0;
		};
		5BA4A67D66D438E9038EF20D /* Sources */ = {
			isa = PBXSourcesBuildPhase;
			buildActionMask = 2147483647;
			files = (
				71A0FCAF130914976FD25476 /* Brachio_ColombiaUITests.swift in Sources */,
			);
			runOnlyForDeploymentPostprocessing = 0;
		};
/* End PBXSourcesBuildPhase section */

/* Begin PBXTargetDependency section */
		089A32621CBFE438AFEB5884 /* PBXTargetDependency */ = {
			isa = PBXTargetDependency;
			target = 245B240C1493CBB40AB627CD /* Brachio_Colombia */;
			targetProxy = D4F60901FDF5FC356BAF23A8 /* PBXContainerItemProxy */;
		};
		B37223CB8D802D3102AD0E47 /* PBXTargetDependency */ = {
			isa = PBXTargetDependency;
			target = 245B240C1493CBB40AB627CD /* Brachio_Colombia */;
			targetProxy = EC0432A790F590A029FE0EA5 /* PBXContainerItemProxy */;
		};
/* End PBXTargetDependency section */

/* Begin PBXVariantGroup section */
		5AE31AE1A8A7B5647BE156E8 /* LaunchScreen.storyboard */ = {
			isa = PBXVariantGroup;
			children = (
				D55198E0B8E8F40F093A62E4 /* Base */,
			);
			name = LaunchScreen.storyboard;
			sourceTree = "<group>";
		};
		F5F9622EB1E7CFDC048968AC /* Main.storyboard */ = {
			isa = PBXVariantGroup;
			children = (
				C0473A1753A120179A4B44CF /* Base */,
			);
			name = Main.storyboard;
			sourceTree = "<group>";
		};
/* End PBXVariantGroup section */

/* Begin XCBuildConfiguration section */
		1DBF5C159DCC920A1100E145 /* Debug */ = {
			isa = XCBuildConfiguration;
			buildSettings = {
				ALWAYS_SEARCH_USER_PATHS = NO;
				CLANG_ANALYZER_NONNULL = YES;
				CLANG_ANALYZER_NUMBER_OBJECT_CONVERSION = YES_AGGRESSIVE;
				CLANG_CXX_LANGUAGE_STANDARD = "gnu++14";
				CLANG_CXX_LIBRARY = "libc++";
				CLANG_ENABLE_MODULES = YES;
				CLANG_ENABLE_OBJC_ARC = YES;
				CLANG_ENABLE_OBJC_WEAK = YES;
				CLANG_WARN_BLOCK_CAPTURE_AUTORELEASING = YES;
				CLANG_WARN_BOOL_CONVERSION = YES;
				CLANG_WARN_COMMA = YES;
				CLANG_WARN_CONSTANT_CONVERSION = YES;
				CLANG_WARN_DEPRECATED_OBJC_IMPLEMENTATIONS = YES;
				CLANG_WARN_DIRECT_OBJC_ISA_USAGE = YES_ERROR;
				CLANG_WARN_DOCUMENTATION_COMMENTS = YES;
				CLANG_WARN_EMPTY_BODY = YES;
				CLANG_WARN_ENUM_CONVERSION = YES;
				CLANG_WARN_INFINITE_RECURSION = YES;
				CLANG_WARN_INT_CONVERSION = YES;
				CLANG_WARN_NON_LITERAL_NULL_CONVERSION = YES;
				CLANG_WARN_OBJC_IMPLICIT_RETAIN_SELF = YES;
				CLANG_WARN_OBJC_LITERAL_CONVERSION = YES;
				CLANG_WARN_OBJC_ROOT_CLASS = YES_ERROR;
				CLANG_WARN_QUOTED_INCLUDE_IN_FRAMEWORK_HEADER = YES;
				CLANG_WARN_RANGE_LOOP_ANALYSIS = YES;
				CLANG_WARN_STRICT_PROTOTYPES = YES;
				CLANG_WARN_SUSPICIOUS_MOVE = YES;
				CLANG_WARN_UNGUARDED_AVAILABILITY = YES_AGGRESSIVE;
				CLANG_WARN_UNREACHABLE_CODE = YES;
				CLANG_WARN__DUPLICATE_METHOD_MATCH = YES;
				COPY_PHASE_STRIP = NO;
				DEBUG_INFORMATION_FORMAT = dwarf;
				ENABLE_STRICT_OBJC_MSGSEND = YES;
				ENABLE_TESTABILITY = YES;
				GCC_C_LANGUAGE_STANDARD = gnu11;
				GCC_DYNAMIC_NO_PIC = NO;
				GCC_NO_COMMON_BLOCKS = YES;
				GCC_OPTIMIZATION_LEVEL = 0;
				GCC_PREPROCESSOR_DEFINITIONS = (
					"$(inherited)",
					"DEBUG=1",
				);
				GCC_WARN_64_TO_32_BIT_CONVERSION = YES;
				GCC_WARN_ABOUT_RETURN_TYPE = YES_ERROR;
				GCC_WARN_UNDECLARED_SELECTOR = YES;
				GCC_WARN_UNINITIALIZED_AUTOS = YES_AGGRESSIVE;
				GCC_WARN_UNUSED_FUNCTION = YES;
				GCC_WARN_UNUSED_VARIABLE = YES;
				MTL_ENABLE_DEBUG_INFO = INCLUDE_SOURCE;
				MTL_FAST_MATH = YES;
				ONLY_ACTIVE_ARCH = YES;
				PRODUCT_NAME = "$(TARGET_NAME)";
				SDKROOT = iphoneos;
				SWIFT_ACTIVE_COMPILATION_CONDITIONS = DEBUG;
				SWIFT_OPTIMIZATION_LEVEL = "-Onone";
				SWIFT_VERSION = 5.0;
			};
			name = Debug;
		};
		255F67622AE750350E57A3B7 /* Release */ = {
			isa = XCBuildConfiguration;
			baseConfigurationReference = CEA8B2200601391C83A6BD23 /* Pods-Brachio_Colombia.release.xcconfig */;
			buildSettings = {
				ASSETCATALOG_COMPILER_APPICON_NAME = AppIcon;
				CODE_SIGN_IDENTITY = "iPhone Developer";
				INFOPLIST_FILE = Brachio_Colombia/Resources/Info.plist;
				IPHONEOS_DEPLOYMENT_TARGET = 13.0;
				LD_RUNPATH_SEARCH_PATHS = (
					"$(inherited)",
					"@executable_path/Frameworks",
				);
				PRODUCT_BUNDLE_IDENTIFIER = "Tech-Nayuta.Brachio_Colombia";
				SDKROOT = iphoneos;
				TARGETED_DEVICE_FAMILY = "1,2";
			};
			name = Release;
		};
		4E87AE6492A4CA15442D9CCD /* Debug */ = {
			isa = XCBuildConfiguration;
			baseConfigurationReference = 327D8ACF700525D94F669544 /* Pods-Brachio_Colombia-Brachio_ColombiaUITests.debug.xcconfig */;
			buildSettings = {
				BUNDLE_LOADER = "$(TEST_HOST)";
				INFOPLIST_FILE = Brachio_ColombiaUITests/Info.plist;
				IPHONEOS_DEPLOYMENT_TARGET = 13.0;
				LD_RUNPATH_SEARCH_PATHS = (
					"$(inherited)",
					"@executable_path/Frameworks",
					"@loader_path/Frameworks",
				);
				SDKROOT = iphoneos;
				TARGETED_DEVICE_FAMILY = "1,2";
				TEST_TARGET_NAME = Brachio_Colombia;
			};
			name = Debug;
		};
		6883A2342280754F3316D38A /* Release */ = {
			isa = XCBuildConfiguration;
			buildSettings = {
				ALWAYS_SEARCH_USER_PATHS = NO;
				CLANG_ANALYZER_NONNULL = YES;
				CLANG_ANALYZER_NUMBER_OBJECT_CONVERSION = YES_AGGRESSIVE;
				CLANG_CXX_LANGUAGE_STANDARD = "gnu++14";
				CLANG_CXX_LIBRARY = "libc++";
				CLANG_ENABLE_MODULES = YES;
				CLANG_ENABLE_OBJC_ARC = YES;
				CLANG_ENABLE_OBJC_WEAK = YES;
				CLANG_WARN_BLOCK_CAPTURE_AUTORELEASING = YES;
				CLANG_WARN_BOOL_CONVERSION = YES;
				CLANG_WARN_COMMA = YES;
				CLANG_WARN_CONSTANT_CONVERSION = YES;
				CLANG_WARN_DEPRECATED_OBJC_IMPLEMENTATIONS = YES;
				CLANG_WARN_DIRECT_OBJC_ISA_USAGE = YES_ERROR;
				CLANG_WARN_DOCUMENTATION_COMMENTS = YES;
				CLANG_WARN_EMPTY_BODY = YES;
				CLANG_WARN_ENUM_CONVERSION = YES;
				CLANG_WARN_INFINITE_RECURSION = YES;
				CLANG_WARN_INT_CONVERSION = YES;
				CLANG_WARN_NON_LITERAL_NULL_CONVERSION = YES;
				CLANG_WARN_OBJC_IMPLICIT_RETAIN_SELF = YES;
				CLANG_WARN_OBJC_LITERAL_CONVERSION = YES;
				CLANG_WARN_OBJC_ROOT_CLASS = YES_ERROR;
				CLANG_WARN_QUOTED_INCLUDE_IN_FRAMEWORK_HEADER = YES;
				CLANG_WARN_RANGE_LOOP_ANALYSIS = YES;
				CLANG_WARN_STRICT_PROTOTYPES = YES;
				CLANG_WARN_SUSPICIOUS_MOVE = YES;
				CLANG_WARN_UNGUARDED_AVAILABILITY = YES_AGGRESSIVE;
				CLANG_WARN_UNREACHABLE_CODE = YES;
				CLANG_WARN__DUPLICATE_METHOD_MATCH = YES;
				COPY_PHASE_STRIP = NO;
				DEBUG_INFORMATION_FORMAT = "dwarf-with-dsym";
				ENABLE_NS_ASSERTIONS = NO;
				ENABLE_STRICT_OBJC_MSGSEND = YES;
				GCC_C_LANGUAGE_STANDARD = gnu11;
				GCC_NO_COMMON_BLOCKS = YES;
				GCC_WARN_64_TO_32_BIT_CONVERSION = YES;
				GCC_WARN_ABOUT_RETURN_TYPE = YES_ERROR;
				GCC_WARN_UNDECLARED_SELECTOR = YES;
				GCC_WARN_UNINITIALIZED_AUTOS = YES_AGGRESSIVE;
				GCC_WARN_UNUSED_FUNCTION = YES;
				GCC_WARN_UNUSED_VARIABLE = YES;
				MTL_ENABLE_DEBUG_INFO = NO;
				MTL_FAST_MATH = YES;
				PRODUCT_NAME = "$(TARGET_NAME)";
				SDKROOT = iphoneos;
				SWIFT_COMPILATION_MODE = wholemodule;
				SWIFT_OPTIMIZATION_LEVEL = "-O";
				SWIFT_VERSION = 5.0;
			};
			name = Release;
		};
		7CA616669D050F0F5E28AC2E /* Release */ = {
			isa = XCBuildConfiguration;
			baseConfigurationReference = 1D71E2D98EB3A0DC567D0148 /* Pods-Brachio_ColombiaTests.release.xcconfig */;
			buildSettings = {
				BUNDLE_LOADER = "$(TEST_HOST)";
				INFOPLIST_FILE = Brachio_ColombiaTests/Info.plist;
				IPHONEOS_DEPLOYMENT_TARGET = 13.0;
				LD_RUNPATH_SEARCH_PATHS = (
					"$(inherited)",
					"@executable_path/Frameworks",
					"@loader_path/Frameworks",
				);
				SDKROOT = iphoneos;
				TARGETED_DEVICE_FAMILY = "1,2";
				TEST_HOST = "$(BUILT_PRODUCTS_DIR)/Brachio_Colombia.app/Brachio_Colombia";
			};
			name = Release;
		};
		C07607867EA0F55FFF0E8DB6 /* Release */ = {
			isa = XCBuildConfiguration;
			baseConfigurationReference = 482006BB4E81039BAB9B0D4C /* Pods-Brachio_Colombia-Brachio_ColombiaUITests.release.xcconfig */;
			buildSettings = {
				BUNDLE_LOADER = "$(TEST_HOST)";
				INFOPLIST_FILE = Brachio_ColombiaUITests/Info.plist;
				IPHONEOS_DEPLOYMENT_TARGET = 13.0;
				LD_RUNPATH_SEARCH_PATHS = (
					"$(inherited)",
					"@executable_path/Frameworks",
					"@loader_path/Frameworks",
				);
				SDKROOT = iphoneos;
				TARGETED_DEVICE_FAMILY = "1,2";
				TEST_TARGET_NAME = Brachio_Colombia;
			};
			name = Release;
		};
		C17BF5B7883B85B90629EF76 /* Debug */ = {
			isa = XCBuildConfiguration;
			baseConfigurationReference = E82C19CADE24C40E3DB8E7B0 /* Pods-Brachio_ColombiaTests.debug.xcconfig */;
			buildSettings = {
				BUNDLE_LOADER = "$(TEST_HOST)";
				INFOPLIST_FILE = Brachio_ColombiaTests/Info.plist;
				IPHONEOS_DEPLOYMENT_TARGET = 13.0;
				LD_RUNPATH_SEARCH_PATHS = (
					"$(inherited)",
					"@executable_path/Frameworks",
					"@loader_path/Frameworks",
				);
				SDKROOT = iphoneos;
				TARGETED_DEVICE_FAMILY = "1,2";
				TEST_HOST = "$(BUILT_PRODUCTS_DIR)/Brachio_Colombia.app/Brachio_Colombia";
			};
			name = Debug;
		};
		F5DBA5619E3C3B6217390B0D /* Debug */ = {
			isa = XCBuildConfiguration;
			baseConfigurationReference = BC8C17904CE725D11A85DE8E /* Pods-Brachio_Colombia.debug.xcconfig */;
			buildSettings = {
				ASSETCATALOG_COMPILER_APPICON_NAME = AppIcon;
				CODE_SIGN_IDENTITY = "iPhone Developer";
				INFOPLIST_FILE = Brachio_Colombia/Resources/Info.plist;
				IPHONEOS_DEPLOYMENT_TARGET = 13.0;
				LD_RUNPATH_SEARCH_PATHS = (
					"$(inherited)",
					"@executable_path/Frameworks",
				);
				PRODUCT_BUNDLE_IDENTIFIER = "Tech-Nayuta.Brachio_Colombia";
				SDKROOT = iphoneos;
				TARGETED_DEVICE_FAMILY = "1,2";
			};
			name = Debug;
		};
/* End XCBuildConfiguration section */

/* Begin XCConfigurationList section */
		30533977BF543A2802607981 /* Build configuration list for PBXProject "Brachio_Colombia" */ = {
			isa = XCConfigurationList;
			buildConfigurations = (
				1DBF5C159DCC920A1100E145 /* Debug */,
				6883A2342280754F3316D38A /* Release */,
			);
			defaultConfigurationIsVisible = 0;
			defaultConfigurationName = Debug;
		};
		B0DE3ECFB7BAC928E1E77FAD /* Build configuration list for PBXNativeTarget "Brachio_Colombia" */ = {
			isa = XCConfigurationList;
			buildConfigurations = (
				F5DBA5619E3C3B6217390B0D /* Debug */,
				255F67622AE750350E57A3B7 /* Release */,
			);
			defaultConfigurationIsVisible = 0;
			defaultConfigurationName = Debug;
		};
		E3B90904D1CE12DDB2E44799 /* Build configuration list for PBXNativeTarget "Brachio_ColombiaUITests" */ = {
			isa = XCConfigurationList;
			buildConfigurations = (
				4E87AE6492A4CA15442D9CCD /* Debug */,
				C07607867EA0F55FFF0E8DB6 /* Release */,
			);
			defaultConfigurationIsVisible = 0;
			defaultConfigurationName = Debug;
		};
		F25BD8DACE28FA7669902E6C /* Build configuration list for PBXNativeTarget "Brachio_ColombiaTests" */ = {
			isa = XCConfigurationList;
			buildConfigurations = (
				C17BF5B7883B85B90629EF76 /* Debug */,
				7CA616669D050F0F5E28AC2E /* Release */,
			);
			defaultConfigurationIsVisible = 0;
			defaultConfigurationName = Debug;
		};
/* End XCConfigurationList section */
	};
	rootObject = E4A0D8851AD99E6C57E875A0 /* Project object */;
}
